
Microsoft Visual Studio Solution File, Format Version 12.00
# Visual Studio Version 17
VisualStudioVersion = 17.11.35312.102
MinimumVisualStudioVersion = 10.0.40219.1
Project("{FAE04EC0-301F-11D3-BF4B-00C04F79EFBC}") = "StackPanelApplication", "StackPanelApplication.csproj", "{390F97BA-E40A-4550-B3C5-AB7B92D1B310}"
EndProject
Global
	GlobalSection(SolutionConfigurationPlatforms) = preSolution
		Debug|Any CPU = Debug|Any CPU
		Release|Any CPU = Release|Any CPU
	EndGlobalSection
	GlobalSection(ProjectConfigurationPlatforms) = postSolution
		{390F97BA-E40A-4550-B3C5-AB7B92D1B310}.Debug|Any CPU.ActiveCfg = Debug|Any CPU
		{390F97BA-E40A-4550-B3C5-AB7B92D1B310}.Debug|Any CPU.Build.0 = Debug|Any CPU
		{390F97BA-E40A-4550-B3C5-AB7B92D1B310}.Release|Any CPU.ActiveCfg = Release|Any CPU
		{390F97BA-E40A-4550-B3C5-AB7B92D1B310}.Release|Any CPU.Build.0 = Release|Any CPU
	EndGlobalSection
	GlobalSection(SolutionProperties) = preSolution
		HideSolutionNode = FALSE
	EndGlobalSection
	GlobalSection(ExtensibilityGlobals) = postSolution
		SolutionGuid = {61A05F5C-147A-4217-854D-E708F7A88E36}
	EndGlobalSection
EndGlobal
